
Microsoft Visual Studio Solution File, Format Version 12.00
# Visual Studio 15
VisualStudioVersion = 15.0.28307.106
MinimumVisualStudioVersion = 10.0.40219.1
Project("{9A19103F-16F7-4668-BE54-9A1E7A4F7556}") = "AspNetCoreBackend", "AspNetCoreBackend\AspNetCoreBackend.csproj", "{06A26605-B0BD-4298-80A1-2BE20CD46838}"
EndProject
Project("{9092AA53-FB77-4645-B42D-1CCCA6BD08BD}") = "ReactWebFrontEnd", "..\ReactWebFrontEnd\ReactWebFrontEnd.njsproj", "{10AAAFED-077B-4935-BF36-0AB391D0C72D}"
EndProject
Global
	GlobalSection(SolutionConfigurationPlatforms) = preSolution
		Debug|Any CPU = Debug|Any CPU
		Release|Any CPU = Release|Any CPU
	EndGlobalSection
	GlobalSection(ProjectConfigurationPlatforms) = postSolution
		{06A26605-B0BD-4298-80A1-2BE20CD46838}.Debug|Any CPU.ActiveCfg = Debug|Any CPU
		{06A26605-B0BD-4298-80A1-2BE20CD46838}.Debug|Any CPU.Build.0 = Debug|Any CPU
		{06A26605-B0BD-4298-80A1-2BE20CD46838}.Release|Any CPU.ActiveCfg = Release|Any CPU
		{06A26605-B0BD-4298-80A1-2BE20CD46838}.Release|Any CPU.Build.0 = Release|Any CPU
		{10AAAFED-077B-4935-BF36-0AB391D0C72D}.Debug|Any CPU.ActiveCfg = Debug|Any CPU
		{10AAAFED-077B-4935-BF36-0AB391D0C72D}.Debug|Any CPU.Build.0 = Debug|Any CPU
		{10AAAFED-077B-4935-BF36-0AB391D0C72D}.Release|Any CPU.ActiveCfg = Release|Any CPU
		{10AAAFED-077B-4935-BF36-0AB391D0C72D}.Release|Any CPU.Build.0 = Release|Any CPU
	EndGlobalSection
	GlobalSection(SolutionProperties) = preSolution
		HideSolutionNode = FALSE
	EndGlobalSection
	GlobalSection(ExtensibilityGlobals) = postSolution
		SolutionGuid = {DE93CF29-A335-4C95-96C0-79B57327A595}
	EndGlobalSection
EndGlobal
